<?xml version="1.0" encoding="utf-8"?>
<Project ToolsVersion="4.0" xmlns="http://schemas.microsoft.com/developer/msbuild/2003">
  <ItemGroup>
    <Filter Include="Source Files">
      <UniqueIdentifier>{4FC737F1-C7A5-4376-A066-2A32D752A2FF}</UniqueIdentifier>
      <Extensions>cpp;c;cc;cxx;def;odl;idl;hpj;bat;asm;asmx</Extensions>
    </Filter>
    <Filter Include="Header Files">
      <UniqueIdentifier>{93995380-89BD-4b04-88EB-625FBE52EBFB}</UniqueIdentifier>
      <Extensions>h;hpp;hxx;hm;inl;inc;xsd</Extensions>
    </Filter>
    <Filter Include="Resource Files">
      <UniqueIdentifier>{67DA6AB6-F800-4c08-8B7A-83BB121AAD01}</UniqueIdentifier>
      <Extensions>rc;ico;cur;bmp;dlg;rc2;rct;bin;rgs;gif;jpg;jpeg;jpe;resx;tiff;tif;png;wav;mfcribbon-ms</Extensions>
    </Filter>
    <Filter Include="Source Files\Agents">
      <UniqueIdentifier>{b71355f3-c926-4fb2-983c-e2b0d6dd51c6}</UniqueIdentifier>
    </Filter>
    <Filter Include="Header Files\Evidences">
      <UniqueIdentifier>{b2d03cd3-06c7-4971-931b-351ce2c99fb1}</UniqueIdentifier>
    </Filter>
    <Filter Include="Source Files\Evidences">
      <UniqueIdentifier>{9a7857e4-bb9b-43b4-8893-00d3a66e9678}</UniqueIdentifier>
    </Filter>
    <Filter Include="Source Files\Crypt">
      <UniqueIdentifier>{19c015f8-84c2-4e96-9896-c3b5d3ca4144}</UniqueIdentifier>
    </Filter>
    <Filter Include="Header Files\Agents">
      <UniqueIdentifier>{1687ba38-960b-4957-b2c3-90be2487fa7e}</UniqueIdentifier>
    </Filter>
    <Filter Include="Header Files\Crypt">
      <UniqueIdentifier>{ec3fa451-370e-4590-815e-2ed1bd7c080c}</UniqueIdentifier>
    </Filter>
    <Filter Include="Header Files\LogFiles">
      <UniqueIdentifier>{c7501101-1f2c-4dfd-ac3d-e25b7c005e00}</UniqueIdentifier>
    </Filter>
    <Filter Include="Source Files\LogFiles">
      <UniqueIdentifier>{ea3ff780-f810-494f-8132-d4ee4eef4478}</UniqueIdentifier>
    </Filter>
    <Filter Include="Header Files\Proto">
      <UniqueIdentifier>{be0dd918-d024-453c-8290-1d97507413bf}</UniqueIdentifier>
    </Filter>
    <Filter Include="Source Files\Proto">
      <UniqueIdentifier>{509d7f5a-84e3-46ae-ba91-0e60b8550c5e}</UniqueIdentifier>
    </Filter>
  </ItemGroup>
  <ItemGroup>
    <ClCompile Include="main.cpp">
      <Filter>Source Files</Filter>
    </ClCompile>
    <ClCompile Include="sync_thread.cpp">
      <Filter>Source Files</Filter>
    </ClCompile>
    <ClCompile Include="win_http.cpp">
      <Filter>Source Files</Filter>
    </ClCompile>
    <ClCompile Include="device_agent.cpp">
      <Filter>Source Files\Agents</Filter>
    </ClCompile>
    <ClCompile Include="ev_files.cpp">
      <Filter>Source Files\Evidences</Filter>
    </ClCompile>
    <ClCompile Include="aes_alg.cpp">
      <Filter>Source Files\Crypt</Filter>
    </ClCompile>
    <ClCompile Include="md5.cpp">
      <Filter>Source Files\Crypt</Filter>
    </ClCompile>
    <ClCompile Include="sha1.cpp">
      <Filter>Source Files\Crypt</Filter>
    </ClCompile>
    <ClCompile Include="log_files.cpp">
      <Filter>Source Files\LogFiles</Filter>
    </ClCompile>
    <ClCompile Include="proto.cpp">
      <Filter>Source Files\Proto</Filter>
    </ClCompile>
    <ClCompile Include="base64.cpp">
      <Filter>Source Files\Proto</Filter>
    </ClCompile>
  </ItemGroup>
  <ItemGroup>
    <ClInclude Include="autodelete_batch.h">
      <Filter>Header Files</Filter>
    </ClInclude>
    <ClInclude Include="binpatched_vars.h">
      <Filter>Header Files</Filter>
    </ClInclude>
    <ClInclude Include="main.h">
      <Filter>Header Files</Filter>
    </ClInclude>
    <ClInclude Include="win_http.h">
      <Filter>Header Files</Filter>
    </ClInclude>
    <ClInclude Include="device_agent.h">
      <Filter>Header Files\Agents</Filter>
    </ClInclude>
    <ClInclude Include="ev_files.h">
      <Filter>Header Files\Evidences</Filter>
    </ClInclude>
    <ClInclude Include="aes_alg.h">
      <Filter>Header Files\Crypt</Filter>
    </ClInclude>
    <ClInclude Include="md5.h">
      <Filter>Header Files\Crypt</Filter>
    </ClInclude>
    <ClInclude Include="sha1.h">
      <Filter>Header Files\Crypt</Filter>
    </ClInclude>
    <ClInclude Include="log_files.h">
      <Filter>Header Files\LogFiles</Filter>
    </ClInclude>
    <ClInclude Include="sync_thread.h">
      <Filter>Header Files</Filter>
    </ClInclude>
    <ClInclude Include="proto.h">
      <Filter>Header Files\Proto</Filter>
    </ClInclude>
    <ClInclude Include="base64.h">
      <Filter>Header Files\Proto</Filter>
    </ClInclude>
  </ItemGroup>
</Project>